
Microsoft Visual Studio Solution File, Format Version 12.00
# Visual Studio 15
VisualStudioVersion = 15.0.27703.2026
MinimumVisualStudioVersion = 10.0.40219.1
Project("{FAE04EC0-301F-11D3-BF4B-00C04F79EFBC}") = "ASU.Web", "ASU.Web\ASU.Web.csproj", "{45EC0F94-BDAF-4F00-96EA-6E08ACEC9B1F}"
EndProject
Project("{FAE04EC0-301F-11D3-BF4B-00C04F79EFBC}") = "ASU.DTO", "ASU.DTO\ASU.DTO.csproj", "{D39AFFDB-BEF3-4B9A-9921-3FC759D2D433}"
EndProject
Global
	GlobalSection(SolutionConfigurationPlatforms) = preSolution
		Debug|Any CPU = Debug|Any CPU
		Release|Any CPU = Release|Any CPU
	EndGlobalSection
	GlobalSection(ProjectConfigurationPlatforms) = postSolution
		{45EC0F94-BDAF-4F00-96EA-6E08ACEC9B1F}.Debug|Any CPU.ActiveCfg = Debug|Any CPU
		{45EC0F94-BDAF-4F00-96EA-6E08ACEC9B1F}.Debug|Any CPU.Build.0 = Debug|Any CPU
		{45EC0F94-BDAF-4F00-96EA-6E08ACEC9B1F}.Release|Any CPU.ActiveCfg = Release|Any CPU
		{45EC0F94-BDAF-4F00-96EA-6E08ACEC9B1F}.Release|Any CPU.Build.0 = Release|Any CPU
		{D39AFFDB-BEF3-4B9A-9921-3FC759D2D433}.Debug|Any CPU.ActiveCfg = Debug|Any CPU
		{D39AFFDB-BEF3-4B9A-9921-3FC759D2D433}.Debug|Any CPU.Build.0 = Debug|Any CPU
		{D39AFFDB-BEF3-4B9A-9921-3FC759D2D433}.Release|Any CPU.ActiveCfg = Release|Any CPU
		{D39AFFDB-BEF3-4B9A-9921-3FC759D2D433}.Release|Any CPU.Build.0 = Release|Any CPU
	EndGlobalSection
	GlobalSection(SolutionProperties) = preSolution
		HideSolutionNode = FALSE
	EndGlobalSection
	GlobalSection(ExtensibilityGlobals) = postSolution
		SolutionGuid = {F504750B-5561-4798-B5E5-F4A0364F23F9}
	EndGlobalSection
EndGlobal
